
Microsoft Visual Studio Solution File, Format Version 12.00
# Visual Studio Version 17
VisualStudioVersion = 17.4.33205.214
MinimumVisualStudioVersion = 10.0.40219.1
Project("{FAE04EC0-301F-11D3-BF4B-00C04F79EFBC}") = "EBookStoreAPI", "EBookStoreAPI\EBookStoreAPI.csproj", "{77AA95C8-0662-435D-8C34-153C331B5799}"
EndProject
Project("{FAE04EC0-301F-11D3-BF4B-00C04F79EFBC}") = "BusinessObject", "BusinessObject\BusinessObject.csproj", "{F7C1EF03-928B-4885-98B0-09145F61DBC3}"
EndProject
Project("{FAE04EC0-301F-11D3-BF4B-00C04F79EFBC}") = "DataAccess", "DataAccess\DataAccess.csproj", "{2FEB97EB-FC28-42DE-8B5C-0283439D386C}"
EndProject
Project("{FAE04EC0-301F-11D3-BF4B-00C04F79EFBC}") = "eBookStore", "eBookStore\eBookStore.csproj", "{F2352FFC-4DD9-4361-A20E-6B33A20B0D6C}"
EndProject
Global
	GlobalSection(SolutionConfigurationPlatforms) = preSolution
		Debug|Any CPU = Debug|Any CPU
		Release|Any CPU = Release|Any CPU
	EndGlobalSection
	GlobalSection(ProjectConfigurationPlatforms) = postSolution
		{77AA95C8-0662-435D-8C34-153C331B5799}.Debug|Any CPU.ActiveCfg = Debug|Any CPU
		{77AA95C8-0662-435D-8C34-153C331B5799}.Debug|Any CPU.Build.0 = Debug|Any CPU
		{77AA95C8-0662-435D-8C34-153C331B5799}.Release|Any CPU.ActiveCfg = Release|Any CPU
		{77AA95C8-0662-435D-8C34-153C331B5799}.Release|Any CPU.Build.0 = Release|Any CPU
		{F7C1EF03-928B-4885-98B0-09145F61DBC3}.Debug|Any CPU.ActiveCfg = Debug|Any CPU
		{F7C1EF03-928B-4885-98B0-09145F61DBC3}.Debug|Any CPU.Build.0 = Debug|Any CPU
		{F7C1EF03-928B-4885-98B0-09145F61DBC3}.Release|Any CPU.ActiveCfg = Release|Any CPU
		{F7C1EF03-928B-4885-98B0-09145F61DBC3}.Release|Any CPU.Build.0 = Release|Any CPU
		{2FEB97EB-FC28-42DE-8B5C-0283439D386C}.Debug|Any CPU.ActiveCfg = Debug|Any CPU
		{2FEB97EB-FC28-42DE-8B5C-0283439D386C}.Debug|Any CPU.Build.0 = Debug|Any CPU
		{2FEB97EB-FC28-42DE-8B5C-0283439D386C}.Release|Any CPU.ActiveCfg = Release|Any CPU
		{2FEB97EB-FC28-42DE-8B5C-0283439D386C}.Release|Any CPU.Build.0 = Release|Any CPU
		{F2352FFC-4DD9-4361-A20E-6B33A20B0D6C}.Debug|Any CPU.ActiveCfg = Debug|Any CPU
		{F2352FFC-4DD9-4361-A20E-6B33A20B0D6C}.Debug|Any CPU.Build.0 = Debug|Any CPU
		{F2352FFC-4DD9-4361-A20E-6B33A20B0D6C}.Release|Any CPU.ActiveCfg = Release|Any CPU
		{F2352FFC-4DD9-4361-A20E-6B33A20B0D6C}.Release|Any CPU.Build.0 = Release|Any CPU
	EndGlobalSection
	GlobalSection(SolutionProperties) = preSolution
		HideSolutionNode = FALSE
	EndGlobalSection
	GlobalSection(ExtensibilityGlobals) = postSolution
		SolutionGuid = {B73AA3EA-8542-47FD-BF3B-5FB0EE7CE9EE}
	EndGlobalSection
EndGlobal
